Microsoft Visual Studio Solution File, Format Version 11.00
# Visual Studio 2008

Project("{17E4957C-E394-244C-EDD8-370A37832E73}") = "Show Some Reflexes!", "Assembly-CSharp.csproj", "{0D382459-FE55-9D5E-6793-E7F4003805DB}"
EndProject
Global
	GlobalSection(SolutionConfigurationPlatforms) = preSolution
		Debug|Any CPU = Debug|Any CPU
		Release|Any CPU = Release|Any CPU
	EndGlobalSection
	GlobalSection(ProjectConfigurationPlatforms) = postSolution
		{0D382459-FE55-9D5E-6793-E7F4003805DB}.Debug|Any CPU.ActiveCfg = Debug|Any CPU
		{0D382459-FE55-9D5E-6793-E7F4003805DB}.Debug|Any CPU.Build.0 = Debug|Any CPU
		{0D382459-FE55-9D5E-6793-E7F4003805DB}.Release|Any CPU.ActiveCfg = Release|Any CPU
		{0D382459-FE55-9D5E-6793-E7F4003805DB}.Release|Any CPU.Build.0 = Release|Any CPU
	EndGlobalSection
	GlobalSection(SolutionProperties) = preSolution
		HideSolutionNode = FALSE
	EndGlobalSection
	GlobalSection(MonoDevelopProperties) = preSolution
		StartupItem = Assembly-CSharp.csproj
	EndGlobalSection
EndGlobal
